// !$*UTF8*$!
{
	archiveVersion = 1;
	classes = {
	};
	objectVersion = 56;
	objects = {

/* Begin PBXBuildFile section */
		EE14630828D9F0EA00CD8F1C /* MonthlyApp.swift in Sources */ = {isa = PBXBuildFile; fileRef = EE14630728D9F0EA00CD8F1C /* MonthlyApp.swift */; };
		EE14630A28D9F0EA00CD8F1C /* ContentView.swift in Sources */ = {isa = PBXBuildFile; fileRef = EE14630928D9F0EA00CD8F1C /* ContentView.swift */; };
		EE14630C28D9F0EB00CD8F1C /* Assets.xcassets in Resources */ = {isa = PBXBuildFile; fileRef = EE14630B28D9F0EB00CD8F1C /* Assets.xcassets */; };
		EE14631028D9F0EB00CD8F1C /* Preview Assets.xcassets in Resources */ = {isa = PBXBuildFile; fileRef = EE14630F28D9F0EB00CD8F1C /* Preview Assets.xcassets */; };
		EE14631D28D9F14F00CD8F1C /* WidgetKit.framework in Frameworks */ = {isa = PBXBuildFile; fileRef = EE14631C28D9F14F00CD8F1C /* WidgetKit.framework */; };
		EE14631F28D9F14F00CD8F1C /* SwiftUI.framework in Frameworks */ = {isa = PBXBuildFile; fileRef = EE14631E28D9F14F00CD8F1C /* SwiftUI.framework */; };
		EE14632228D9F14F00CD8F1C /* MonthlyWiget.swift in Sources */ = {isa = PBXBuildFile; fileRef = EE14632128D9F14F00CD8F1C /* MonthlyWiget.swift */; };
		EE14632428D9F15000CD8F1C /* Assets.xcassets in Resources */ = {isa = PBXBuildFile; fileRef = EE14632328D9F15000CD8F1C /* Assets.xcassets */; };
		EE14632828D9F15000CD8F1C /* MonthlyWigetExtension.appex in Embed Foundation Extensions */ = {isa = PBXBuildFile; fileRef = EE14631A28D9F14F00CD8F1C /* MonthlyWigetExtension.appex */; settings = {ATTRIBUTES = (RemoveHeadersOnCopy, ); }; };
		EE14633128D9FEC400CD8F1C /* MonthConfig.swift in Sources */ = {isa = PBXBuildFile; fileRef = EE14632F28D9FEC400CD8F1C /* MonthConfig.swift */; };
		EE14633428DA05C200CD8F1C /* Colors+Ext.swift in Sources */ = {isa = PBXBuildFile; fileRef = EE14633228DA05C200CD8F1C /* Colors+Ext.swift */; };
/* End PBXBuildFile section */

/* Begin PBXContainerItemProxy section */
		EE14632628D9F15000CD8F1C /* PBXContainerItemProxy */ = {
			isa = PBXContainerItemProxy;
			containerPortal = EE1462FC28D9F0EA00CD8F1C /* Project object */;
			proxyType = 1;
			remoteGlobalIDString = EE14631928D9F14F00CD8F1C;
			remoteInfo = MonthlyWigetExtension;
		};
/* End PBXContainerItemProxy section */

/* Begin PBXCopyFilesBuildPhase section */
		EE14632928D9F15000CD8F1C /* Embed Foundation Extensions */ = {
			isa = PBXCopyFilesBuildPhase;
			buildActionMask = 2147483647;
			dstPath = "";
			dstSubfolderSpec = 13;
			files = (
				EE14632828D9F15000CD8F1C /* MonthlyWigetExtension.appex in Embed Foundation Extensions */,
			);
			name = "Embed Foundation Extensions";
			runOnlyForDeploymentPostprocessing = 0;
		};
/* End PBXCopyFilesBuildPhase section */

/* Begin PBXFileReference section */
		EE14630428D9F0EA00CD8F1C /* Monthly.app */ = {isa = PBXFileReference; explicitFileType = wrapper.application; includeInIndex = 0; path = Monthly.app; sourceTree = BUILT_PRODUCTS_DIR; };
		EE14630728D9F0EA00CD8F1C /* MonthlyApp.swift */ = {isa = PBXFileReference; lastKnownFileType = sourcecode.swift; path = MonthlyApp.swift; sourceTree = "<group>"; };
		EE14630928D9F0EA00CD8F1C /* ContentView.swift */ = {isa = PBXFileReference; lastKnownFileType = sourcecode.swift; path = ContentView.swift; sourceTree = "<group>"; };
		EE14630B28D9F0EB00CD8F1C /* Assets.xcassets */ = {isa = PBXFileReference; lastKnownFileType = folder.assetcatalog; path = Assets.xcassets; sourceTree = "<group>"; };
		EE14630D28D9F0EB00CD8F1C /* Monthly.entitlements */ = {isa = PBXFileReference; lastKnownFileType = text.plist.entitlements; path = Monthly.entitlements; sourceTree = "<group>"; };
		EE14630F28D9F0EB00CD8F1C /* Preview Assets.xcassets */ = {isa = PBXFileReference; lastKnownFileType = folder.assetcatalog; path = "Preview Assets.xcassets"; sourceTree = "<group>"; };
		EE14631A28D9F14F00CD8F1C /* MonthlyWigetExtension.appex */ = {isa = PBXFileReference; explicitFileType = "wrapper.app-extension"; includeInIndex = 0; path = MonthlyWigetExtension.appex; sourceTree = BUILT_PRODUCTS_DIR; };
		EE14631C28D9F14F00CD8F1C /* WidgetKit.framework */ = {isa = PBXFileReference; lastKnownFileType = wrapper.framework; name = WidgetKit.framework; path = System/Library/Frameworks/WidgetKit.framework; sourceTree = SDKROOT; };
		EE14631E28D9F14F00CD8F1C /* SwiftUI.framework */ = {isa = PBXFileReference; lastKnownFileType = wrapper.framework; name = SwiftUI.framework; path = System/Library/Frameworks/SwiftUI.framework; sourceTree = SDKROOT; };
		EE14632128D9F14F00CD8F1C /* MonthlyWiget.swift */ = {isa = PBXFileReference; lastKnownFileType = sourcecode.swift; path = MonthlyWiget.swift; sourceTree = "<group>"; };
		EE14632328D9F15000CD8F1C /* Assets.xcassets */ = {isa = PBXFileReference; lastKnownFileType = folder.assetcatalog; path = Assets.xcassets; sourceTree = "<group>"; };
		EE14632528D9F15000CD8F1C /* Info.plist */ = {isa = PBXFileReference; lastKnownFileType = text.plist.xml; path = Info.plist; sourceTree = "<group>"; };
		EE14632F28D9FEC400CD8F1C /* MonthConfig.swift */ = {isa = PBXFileReference; lastKnownFileType = sourcecode.swift; path = MonthConfig.swift; sourceTree = "<group>"; };
		EE14633228DA05C200CD8F1C /* Colors+Ext.swift */ = {isa = PBXFileReference; lastKnownFileType = sourcecode.swift; path = "Colors+Ext.swift"; sourceTree = "<group>"; };
/* End PBXFileReference section */

/* Begin PBXFrameworksBuildPhase section */
		EE14630128D9F0EA00CD8F1C /* Frameworks */ = {
			isa = PBXFrameworksBuildPhase;
			buildActionMask = 2147483647;
			files = (
			);
			runOnlyForDeploymentPostprocessing = 0;
		};
		EE14631728D9F14F00CD8F1C /* Frameworks */ = {
			isa = PBXFrameworksBuildPhase;
			buildActionMask = 2147483647;
			files = (
				EE14631F28D9F14F00CD8F1C /* SwiftUI.framework in Frameworks */,
				EE14631D28D9F14F00CD8F1C /* WidgetKit.framework in Frameworks */,
			);
			runOnlyForDeploymentPostprocessing = 0;
		};
/* End PBXFrameworksBuildPhase section */

/* Begin PBXGroup section */
		EE1462FB28D9F0EA00CD8F1C = {
			isa = PBXGroup;
			children = (
				EE14630628D9F0EA00CD8F1C /* Monthly */,
				EE14632028D9F14F00CD8F1C /* MonthlyWiget */,
				EE14631B28D9F14F00CD8F1C /* Frameworks */,
				EE14630528D9F0EA00CD8F1C /* Products */,
			);
			sourceTree = "<group>";
		};
		EE14630528D9F0EA00CD8F1C /* Products */ = {
			isa = PBXGroup;
			children = (
				EE14630428D9F0EA00CD8F1C /* Monthly.app */,
				EE14631A28D9F14F00CD8F1C /* MonthlyWigetExtension.appex */,
			);
			name = Products;
			sourceTree = "<group>";
		};
		EE14630628D9F0EA00CD8F1C /* Monthly */ = {
			isa = PBXGroup;
			children = (
				EE14630728D9F0EA00CD8F1C /* MonthlyApp.swift */,
				EE14630928D9F0EA00CD8F1C /* ContentView.swift */,
				EE14630B28D9F0EB00CD8F1C /* Assets.xcassets */,
				EE14630D28D9F0EB00CD8F1C /* Monthly.entitlements */,
				EE14630E28D9F0EB00CD8F1C /* Preview Content */,
			);
			path = Monthly;
			sourceTree = "<group>";
		};
		EE14630E28D9F0EB00CD8F1C /* Preview Content */ = {
			isa = PBXGroup;
			children = (
				EE14630F28D9F0EB00CD8F1C /* Preview Assets.xcassets */,
			);
			path = "Preview Content";
			sourceTree = "<group>";
		};
		EE14631B28D9F14F00CD8F1C /* Frameworks */ = {
			isa = PBXGroup;
			children = (
				EE14631C28D9F14F00CD8F1C /* WidgetKit.framework */,
				EE14631E28D9F14F00CD8F1C /* SwiftUI.framework */,
			);
			name = Frameworks;
			sourceTree = "<group>";
		};
		EE14632028D9F14F00CD8F1C /* MonthlyWiget */ = {
			isa = PBXGroup;
			children = (
				EE14632F28D9FEC400CD8F1C /* MonthConfig.swift */,
				EE14633228DA05C200CD8F1C /* Colors+Ext.swift */,
				EE14632128D9F14F00CD8F1C /* MonthlyWiget.swift */,
				EE14632328D9F15000CD8F1C /* Assets.xcassets */,
				EE14632528D9F15000CD8F1C /* Info.plist */,
			);
			path = MonthlyWiget;
			sourceTree = "<group>";
		};
/* End PBXGroup section */

/* Begin PBXNativeTarget section */
		EE14630328D9F0EA00CD8F1C /* Monthly */ = {
			isa = PBXNativeTarget;
			buildConfigurationList = EE14631328D9F0EB00CD8F1C /* Build configuration list for PBXNativeTarget "Monthly" */;
			buildPhases = (
				EE14630028D9F0EA00CD8F1C /* Sources */,
				EE14630128D9F0EA00CD8F1C /* Frameworks */,
				EE14630228D9F0EA00CD8F1C /* Resources */,
				EE14632928D9F15000CD8F1C /* Embed Foundation Extensions */,
			);
			buildRules = (
			);
			dependencies = (
				EE14632728D9F15000CD8F1C /* PBXTargetDependency */,
			);
			name = Monthly;
			productName = Monthly;
			productReference = EE14630428D9F0EA00CD8F1C /* Monthly.app */;
			productType = "com.apple.product-type.application";
		};
		EE14631928D9F14F00CD8F1C /* MonthlyWigetExtension */ = {
			isa = PBXNativeTarget;
			buildConfigurationList = EE14632C28D9F15000CD8F1C /* Build configuration list for PBXNativeTarget "MonthlyWigetExtension" */;
			buildPhases = (
				EE14631628D9F14F00CD8F1C /* Sources */,
				EE14631728D9F14F00CD8F1C /* Frameworks */,
				EE14631828D9F14F00CD8F1C /* Resources */,
			);
			buildRules = (
			);
			dependencies = (
			);
			name = MonthlyWigetExtension;
			productName = MonthlyWigetExtension;
			productReference = EE14631A28D9F14F00CD8F1C /* MonthlyWigetExtension.appex */;
			productType = "com.apple.product-type.app-extension";
		};
/* End PBXNativeTarget section */

/* Begin PBXProject section */
		EE1462FC28D9F0EA00CD8F1C /* Project object */ = {
			isa = PBXProject;
			attributes = {
				BuildIndependentTargetsInParallel = 1;
				LastSwiftUpdateCheck = 1400;
				LastUpgradeCheck = 1400;
				TargetAttributes = {
					EE14630328D9F0EA00CD8F1C = {
						CreatedOnToolsVersion = 14.0;
					};
					EE14631928D9F14F00CD8F1C = {
						CreatedOnToolsVersion = 14.0;
					};
				};
			};
			buildConfigurationList = EE1462FF28D9F0EA00CD8F1C /* Build configuration list for PBXProject "Monthly" */;
			compatibilityVersion = "Xcode 14.0";
			developmentRegion = en;
			hasScannedForEncodings = 0;
			knownRegions = (
				en,
				Base,
			);
			mainGroup = EE1462FB28D9F0EA00CD8F1C;
			productRefGroup = EE14630528D9F0EA00CD8F1C /* Products */;
			projectDirPath = "";
			projectRoot = "";
			targets = (
				EE14630328D9F0EA00CD8F1C /* Monthly */,
				EE14631928D9F14F00CD8F1C /* MonthlyWigetExtension */,
			);
		};
/* End PBXProject section */

/* Begin PBXResourcesBuildPhase section */
		EE14630228D9F0EA00CD8F1C /* Resources */ = {
			isa = PBXResourcesBuildPhase;
			buildActionMask = 2147483647;
			files = (
				EE14631028D9F0EB00CD8F1C /* Preview Assets.xcassets in Resources */,
				EE14630C28D9F0EB00CD8F1C /* Assets.xcassets in Resources */,
			);
			runOnlyForDeploymentPostprocessing = 0;
		};
		EE14631828D9F14F00CD8F1C /* Resources */ = {
			isa = PBXResourcesBuildPhase;
			buildActionMask = 2147483647;
			files = (
				EE14632428D9F15000CD8F1C /* Assets.xcassets in Resources */,
			);
			runOnlyForDeploymentPostprocessing = 0;
		};
/* End PBXResourcesBuildPhase section */

/* Begin PBXSourcesBuildPhase section */
		EE14630028D9F0EA00CD8F1C /* Sources */ = {
			isa = PBXSourcesBuildPhase;
			buildActionMask = 2147483647;
			files = (
				EE14630A28D9F0EA00CD8F1C /* ContentView.swift in Sources */,
				EE14630828D9F0EA00CD8F1C /* MonthlyApp.swift in Sources */,
			);
			runOnlyForDeploymentPostprocessing = 0;
		};
		EE14631628D9F14F00CD8F1C /* Sources */ = {
			isa = PBXSourcesBuildPhase;
			buildActionMask = 2147483647;
			files = (
				EE14632228D9F14F00CD8F1C /* MonthlyWiget.swift in Sources */,
				EE14633128D9FEC400CD8F1C /* MonthConfig.swift in Sources */,
				EE14633428DA05C200CD8F1C /* Colors+Ext.swift in Sources */,
			);
			runOnlyForDeploymentPostprocessing = 0;
		};
/* End PBXSourcesBuildPhase section */

/* Begin PBXTargetDependency section */
		EE14632728D9F15000CD8F1C /* PBXTargetDependency */ = {
			isa = PBXTargetDependency;
			target = EE14631928D9F14F00CD8F1C /* MonthlyWigetExtension */;
			targetProxy = EE14632628D9F15000CD8F1C /* PBXContainerItemProxy */;
		};
/* End PBXTargetDependency section */

/* Begin XCBuildConfiguration section */
		EE14631128D9F0EB00CD8F1C /* Debug */ = {
			isa = XCBuildConfiguration;
			buildSettings = {
				ALWAYS_SEARCH_USER_PATHS = NO;
				CLANG_ANALYZER_NONNULL = YES;
				CLANG_ANALYZER_NUMBER_OBJECT_CONVERSION = YES_AGGRESSIVE;
				CLANG_CXX_LANGUAGE_STANDARD = "gnu++20";
				CLANG_ENABLE_MODULES = YES;
				CLANG_ENABLE_OBJC_ARC = YES;
				CLANG_ENABLE_OBJC_WEAK = YES;
				CLANG_WARN_BLOCK_CAPTURE_AUTORELEASING = YES;
				CLANG_WARN_BOOL_CONVERSION = YES;
				CLANG_WARN_COMMA = YES;
				CLANG_WARN_CONSTANT_CONVERSION = YES;
				CLANG_WARN_DEPRECATED_OBJC_IMPLEMENTATIONS = YES;
				CLANG_WARN_DIRECT_OBJC_ISA_USAGE = YES_ERROR;
				CLANG_WARN_DOCUMENTATION_COMMENTS = YES;
				CLANG_WARN_EMPTY_BODY = YES;
				CLANG_WARN_ENUM_CONVERSION = YES;
				CLANG_WARN_INFINITE_RECURSION = YES;
				CLANG_WARN_INT_CONVERSION = YES;
				CLANG_WARN_NON_LITERAL_NULL_CONVERSION = YES;
				CLANG_WARN_OBJC_IMPLICIT_RETAIN_SELF = YES;
				CLANG_WARN_OBJC_LITERAL_CONVERSION = YES;
				CLANG_WARN_OBJC_ROOT_CLASS = YES_ERROR;
				CLANG_WARN_QUOTED_INCLUDE_IN_FRAMEWORK_HEADER = YES;
				CLANG_WARN_RANGE_LOOP_ANALYSIS = YES;
				CLANG_WARN_STRICT_PROTOTYPES = YES;
				CLANG_WARN_SUSPICIOUS_MOVE = YES;
				CLANG_WARN_UNGUARDED_AVAILABILITY = YES_AGGRESSIVE;
				CLANG_WARN_UNREACHABLE_CODE = YES;
				CLANG_WARN__DUPLICATE_METHOD_MATCH = YES;
				COPY_PHASE_STRIP = NO;
				DEBUG_INFORMATION_FORMAT = dwarf;
				ENABLE_STRICT_OBJC_MSGSEND = YES;
				ENABLE_TESTABILITY = YES;
				GCC_C_LANGUAGE_STANDARD = gnu11;
				GCC_DYNAMIC_NO_PIC = NO;
				GCC_NO_COMMON_BLOCKS = YES;
				GCC_OPTIMIZATION_LEVEL = 0;
				GCC_PREPROCESSOR_DEFINITIONS = (
					"DEBUG=1",
					"$(inherited)",
				);
				GCC_WARN_64_TO_32_BIT_CONVERSION = YES;
				GCC_WARN_ABOUT_RETURN_TYPE = YES_ERROR;
				GCC_WARN_UNDECLARED_SELECTOR = YES;
				GCC_WARN_UNINITIALIZED_AUTOS = YES_AGGRESSIVE;
				GCC_WARN_UNUSED_FUNCTION = YES;
				GCC_WARN_UNUSED_VARIABLE = YES;
				MTL_ENABLE_DEBUG_INFO = INCLUDE_SOURCE;
				MTL_FAST_MATH = YES;
				ONLY_ACTIVE_ARCH = YES;
				SWIFT_ACTIVE_COMPILATION_CONDITIONS = DEBUG;
				SWIFT_OPTIMIZATION_LEVEL = "-Onone";
			};
			name = Debug;
		};
		EE14631228D9F0EB00CD8F1C /* Release */ = {
			isa = XCBuildConfiguration;
			buildSettings = {
				ALWAYS_SEARCH_USER_PATHS = NO;
				CLANG_ANALYZER_NONNULL = YES;
				CLANG_ANALYZER_NUMBER_OBJECT_CONVERSION = YES_AGGRESSIVE;
				CLANG_CXX_LANGUAGE_STANDARD = "gnu++20";
				CLANG_ENABLE_MODULES = YES;
				CLANG_ENABLE_OBJC_ARC = YES;
				CLANG_ENABLE_OBJC_WEAK = YES;
				CLANG_WARN_BLOCK_CAPTURE_AUTORELEASING = YES;
				CLANG_WARN_BOOL_CONVERSION = YES;
				CLANG_WARN_COMMA = YES;
				CLANG_WARN_CONSTANT_CONVERSION = YES;
				CLANG_WARN_DEPRECATED_OBJC_IMPLEMENTATIONS = YES;
				CLANG_WARN_DIRECT_OBJC_ISA_USAGE = YES_ERROR;
				CLANG_WARN_DOCUMENTATION_COMMENTS = YES;
				CLANG_WARN_EMPTY_BODY = YES;
				CLANG_WARN_ENUM_CONVERSION = YES;
				CLANG_WARN_INFINITE_RECURSION = YES;
				CLANG_WARN_INT_CONVERSION = YES;
				CLANG_WARN_NON_LITERAL_NULL_CONVERSION = YES;
				CLANG_WARN_OBJC_IMPLICIT_RETAIN_SELF = YES;
				CLANG_WARN_OBJC_LITERAL_CONVERSION = YES;
				CLANG_WARN_OBJC_ROOT_CLASS = YES_ERROR;
				CLANG_WARN_QUOTED_INCLUDE_IN_FRAMEWORK_HEADER = YES;
				CLANG_WARN_RANGE_LOOP_ANALYSIS = YES;
				CLANG_WARN_STRICT_PROTOTYPES = YES;
				CLANG_WARN_SUSPICIOUS_MOVE = YES;
				CLANG_WARN_UNGUARDED_AVAILABILITY = YES_AGGRESSIVE;
				CLANG_WARN_UNREACHABLE_CODE = YES;
				CLANG_WARN__DUPLICATE_METHOD_MATCH = YES;
				COPY_PHASE_STRIP = NO;
				DEBUG_INFORMATION_FORMAT = "dwarf-with-dsym";
				ENABLE_NS_ASSERTIONS = NO;
				ENABLE_STRICT_OBJC_MSGSEND = YES;
				GCC_C_LANGUAGE_STANDARD = gnu11;
				GCC_NO_COMMON_BLOCKS = YES;
				GCC_WARN_64_TO_32_BIT_CONVERSION = YES;
				GCC_WARN_ABOUT_RETURN_TYPE = YES_ERROR;
				GCC_WARN_UNDECLARED_SELECTOR = YES;
				GCC_WARN_UNINITIALIZED_AUTOS = YES_AGGRESSIVE;
				GCC_WARN_UNUSED_FUNCTION = YES;
				GCC_WARN_UNUSED_VARIABLE = YES;
				MTL_ENABLE_DEBUG_INFO = NO;
				MTL_FAST_MATH = YES;
				SWIFT_COMPILATION_MODE = wholemodule;
				SWIFT_OPTIMIZATION_LEVEL = "-O";
			};
			name = Release;
		};
		EE14631428D9F0EB00CD8F1C /* Debug */ = {
			isa = XCBuildConfiguration;
			buildSettings = {
				ALWAYS_EMBED_SWIFT_STANDARD_LIBRARIES = YES;
				ASSETCATALOG_COMPILER_APPICON_NAME = AppIcon;
				ASSETCATALOG_COMPILER_GLOBAL_ACCENT_COLOR_NAME = AccentColor;
				CODE_SIGN_ENTITLEMENTS = Monthly/Monthly.entitlements;
				CODE_SIGN_STYLE = Automatic;
				CURRENT_PROJECT_VERSION = 1;
				DEVELOPMENT_ASSET_PATHS = "\"Monthly/Preview Content\"";
				DEVELOPMENT_TEAM = 4G4YKXJ9A6;
				ENABLE_HARDENED_RUNTIME = YES;
				ENABLE_PREVIEWS = YES;
				GENERATE_INFOPLIST_FILE = YES;
				"INFOPLIST_KEY_UIApplicationSceneManifest_Generation[sdk=iphoneos*]" = YES;
				"INFOPLIST_KEY_UIApplicationSceneManifest_Generation[sdk=iphonesimulator*]" = YES;
				"INFOPLIST_KEY_UIApplicationSupportsIndirectInputEvents[sdk=iphoneos*]" = YES;
				"INFOPLIST_KEY_UIApplicationSupportsIndirectInputEvents[sdk=iphonesimulator*]" = YES;
				"INFOPLIST_KEY_UILaunchScreen_Generation[sdk=iphoneos*]" = YES;
				"INFOPLIST_KEY_UILaunchScreen_Generation[sdk=iphonesimulator*]" = YES;
				"INFOPLIST_KEY_UIStatusBarStyle[sdk=iphoneos*]" = UIStatusBarStyleDefault;
				"INFOPLIST_KEY_UIStatusBarStyle[sdk=iphonesimulator*]" = UIStatusBarStyleDefault;
				INFOPLIST_KEY_UISupportedInterfaceOrientations_iPad = "UIInterfaceOrientationPortrait UIInterfaceOrientationPortraitUpsideDown UIInterfaceOrientationLandscapeLeft UIInterfaceOrientationLandscapeRight";
				INFOPLIST_KEY_UISupportedInterfaceOrientations_iPhone = "UIInterfaceOrientationPortrait UIInterfaceOrientationLandscapeLeft UIInterfaceOrientationLandscapeRight";
				IPHONEOS_DEPLOYMENT_TARGET = 16.0;
				LD_RUNPATH_SEARCH_PATHS = "@executable_path/Frameworks";
				"LD_RUNPATH_SEARCH_PATHS[sdk=macosx*]" = "@executable_path/../Frameworks";
				MACOSX_DEPLOYMENT_TARGET = 12.3;
				MARKETING_VERSION = 1.0;
				PRODUCT_BUNDLE_IDENTIFIER = AdebayoSotannde.Monthly;
				PRODUCT_NAME = "$(TARGET_NAME)";
				SDKROOT = auto;
				SUPPORTED_PLATFORMS = "iphoneos iphonesimulator macosx";
				SWIFT_EMIT_LOC_STRINGS = YES;
				SWIFT_VERSION = 5.0;
				TARGETED_DEVICE_FAMILY = "1,2";
			};
			name = Debug;
		};
		EE14631528D9F0EB00CD8F1C /* Release */ = {
			isa = XCBuildConfiguration;
			buildSettings = {
				ALWAYS_EMBED_SWIFT_STANDARD_LIBRARIES = YES;
				ASSETCATALOG_COMPILER_APPICON_NAME = AppIcon;
				ASSETCATALOG_COMPILER_GLOBAL_ACCENT_COLOR_NAME = AccentColor;
				CODE_SIGN_ENTITLEMENTS = Monthly/Monthly.entitlements;
				CODE_SIGN_STYLE = Automatic;
				CURRENT_PROJECT_VERSION = 1;
				DEVELOPMENT_ASSET_PATHS = "\"Monthly/Preview Content\"";
				DEVELOPMENT_TEAM = 4G4YKXJ9A6;
				ENABLE_HARDENED_RUNTIME = YES;
				ENABLE_PREVIEWS = YES;
				GENERATE_INFOPLIST_FILE = YES;
				"INFOPLIST_KEY_UIApplicationSceneManifest_Generation[sdk=iphoneos*]" = YES;
				"INFOPLIST_KEY_UIApplicationSceneManifest_Generation[sdk=iphonesimulator*]" = YES;
				"INFOPLIST_KEY_UIApplicationSupportsIndirectInputEvents[sdk=iphoneos*]" = YES;
				"INFOPLIST_KEY_UIApplicationSupportsIndirectInputEvents[sdk=iphonesimulator*]" = YES;
				"INFOPLIST_KEY_UILaunchScreen_Generation[sdk=iphoneos*]" = YES;
				"INFOPLIST_KEY_UILaunchScreen_Generation[sdk=iphonesimulator*]" = YES;
				"INFOPLIST_KEY_UIStatusBarStyle[sdk=iphoneos*]" = UIStatusBarStyleDefault;
				"INFOPLIST_KEY_UIStatusBarStyle[sdk=iphonesimulator*]" = UIStatusBarStyleDefault;
				INFOPLIST_KEY_UISupportedInterfaceOrientations_iPad = "UIInterfaceOrientationPortrait UIInterfaceOrientationPortraitUpsideDown UIInterfaceOrientationLandscapeLeft UIInterfaceOrientationLandscapeRight";
				INFOPLIST_KEY_UISupportedInterfaceOrientations_iPhone = "UIInterfaceOrientationPortrait UIInterfaceOrientationLandscapeLeft UIInterfaceOrientationLandscapeRight";
				IPHONEOS_DEPLOYMENT_TARGET = 16.0;
				LD_RUNPATH_SEARCH_PATHS = "@executable_path/Frameworks";
				"LD_RUNPATH_SEARCH_PATHS[sdk=macosx*]" = "@executable_path/../Frameworks";
				MACOSX_DEPLOYMENT_TARGET = 12.3;
				MARKETING_VERSION = 1.0;
				PRODUCT_BUNDLE_IDENTIFIER = AdebayoSotannde.Monthly;
				PRODUCT_NAME = "$(TARGET_NAME)";
				SDKROOT = auto;
				SUPPORTED_PLATFORMS = "iphoneos iphonesimulator macosx";
				SWIFT_EMIT_LOC_STRINGS = YES;
				SWIFT_VERSION = 5.0;
				TARGETED_DEVICE_FAMILY = "1,2";
			};
			name = Release;
		};
		EE14632A28D9F15000CD8F1C /* Debug */ = {
			isa = XCBuildConfiguration;
			buildSettings = {
				ASSETCATALOG_COMPILER_GLOBAL_ACCENT_COLOR_NAME = AccentColor;
				ASSETCATALOG_COMPILER_WIDGET_BACKGROUND_COLOR_NAME = WidgetBackground;
				CODE_SIGN_STYLE = Automatic;
				CURRENT_PROJECT_VERSION = 1;
				DEVELOPMENT_TEAM = 4G4YKXJ9A6;
				GENERATE_INFOPLIST_FILE = YES;
				INFOPLIST_FILE = MonthlyWiget/Info.plist;
				INFOPLIST_KEY_CFBundleDisplayName = MonthlyWiget;
				INFOPLIST_KEY_NSHumanReadableCopyright = "";
				IPHONEOS_DEPLOYMENT_TARGET = 16.0;
				LD_RUNPATH_SEARCH_PATHS = (
					"$(inherited)",
					"@executable_path/Frameworks",
					"@executable_path/../../Frameworks",
				);
				MARKETING_VERSION = 1.0;
				PRODUCT_BUNDLE_IDENTIFIER = AdebayoSotannde.Monthly.MonthlyWiget;
				PRODUCT_NAME = "$(TARGET_NAME)";
				SDKROOT = iphoneos;
				SKIP_INSTALL = YES;
				SWIFT_EMIT_LOC_STRINGS = YES;
				SWIFT_VERSION = 5.0;
				TARGETED_DEVICE_FAMILY = "1,2";
			};
			name = Debug;
		};
		EE14632B28D9F15000CD8F1C /* Release */ = {
			isa = XCBuildConfiguration;
			buildSettings = {
				ASSETCATALOG_COMPILER_GLOBAL_ACCENT_COLOR_NAME = AccentColor;
				ASSETCATALOG_COMPILER_WIDGET_BACKGROUND_COLOR_NAME = WidgetBackground;
				CODE_SIGN_STYLE = Automatic;
				CURRENT_PROJECT_VERSION = 1;
				DEVELOPMENT_TEAM = 4G4YKXJ9A6;
				GENERATE_INFOPLIST_FILE = YES;
				INFOPLIST_FILE = MonthlyWiget/Info.plist;
				INFOPLIST_KEY_CFBundleDisplayName = MonthlyWiget;
				INFOPLIST_KEY_NSHumanReadableCopyright = "";
				IPHONEOS_DEPLOYMENT_TARGET = 16.0;
				LD_RUNPATH_SEARCH_PATHS = (
					"$(inherited)",
					"@executable_path/Frameworks",
					"@executable_path/../../Frameworks",
				);
				MARKETING_VERSION = 1.0;
				PRODUCT_BUNDLE_IDENTIFIER = AdebayoSotannde.Monthly.MonthlyWiget;
				PRODUCT_NAME = "$(TARGET_NAME)";
				SDKROOT = iphoneos;
				SKIP_INSTALL = YES;
				SWIFT_EMIT_LOC_STRINGS = YES;
				SWIFT_VERSION = 5.0;
				TARGETED_DEVICE_FAMILY = "1,2";
				VALIDATE_PRODUCT = YES;
			};
			name = Release;
		};
/* End XCBuildConfiguration section */

/* Begin XCConfigurationList section */
		EE1462FF28D9F0EA00CD8F1C /* Build configuration list for PBXProject "Monthly" */ = {
			isa = XCConfigurationList;
			buildConfigurations = (
				EE14631128D9F0EB00CD8F1C /* Debug */,
				EE14631228D9F0EB00CD8F1C /* Release */,
			);
			defaultConfigurationIsVisible = 0;
			defaultConfigurationName = Release;
		};
		EE14631328D9F0EB00CD8F1C /* Build configuration list for PBXNativeTarget "Monthly" */ = {
			isa = XCConfigurationList;
			buildConfigurations = (
				EE14631428D9F0EB00CD8F1C /* Debug */,
				EE14631528D9F0EB00CD8F1C /* Release */,
			);
			defaultConfigurationIsVisible = 0;
			defaultConfigurationName = Release;
		};
		EE14632C28D9F15000CD8F1C /* Build configuration list for PBXNativeTarget "MonthlyWigetExtension" */ = {
			isa = XCConfigurationList;
			buildConfigurations = (
				EE14632A28D9F15000CD8F1C /* Debug */,
				EE14632B28D9F15000CD8F1C /* Release */,
			);
			defaultConfigurationIsVisible = 0;
			defaultConfigurationName = Release;
		};
/* End XCConfigurationList section */
	};
	rootObject = EE1462FC28D9F0EA00CD8F1C /* Project object */;
}
